
Microsoft Visual Studio Solution File, Format Version 12.00
# Visual Studio Version 17
VisualStudioVersion = 17.4.33213.308
MinimumVisualStudioVersion = 10.0.40219.1
Project("{FAE04EC0-301F-11D3-BF4B-00C04F79EFBC}") = "WindowsFormsApp1", "WindowsFormsApp1\WindowsFormsApp1.csproj", "{AADA605F-401A-49BF-B66E-3FB77AD7AEED}"
EndProject
Global
	GlobalSection(SolutionConfigurationPlatforms) = preSolution
		Debug|Any CPU = Debug|Any CPU
		Release|Any CPU = Release|Any CPU
	EndGlobalSection
	GlobalSection(ProjectConfigurationPlatforms) = postSolution
		{AADA605F-401A-49BF-B66E-3FB77AD7AEED}.Debug|Any CPU.ActiveCfg = Debug|Any CPU
		{AADA605F-401A-49BF-B66E-3FB77AD7AEED}.Debug|Any CPU.Build.0 = Debug|Any CPU
		{AADA605F-401A-49BF-B66E-3FB77AD7AEED}.Release|Any CPU.ActiveCfg = Release|Any CPU
		{AADA605F-401A-49BF-B66E-3FB77AD7AEED}.Release|Any CPU.Build.0 = Release|Any CPU
	EndGlobalSection
	GlobalSection(SolutionProperties) = preSolution
		HideSolutionNode = FALSE
	EndGlobalSection
	GlobalSection(ExtensibilityGlobals) = postSolution
		SolutionGuid = {510E383A-2958-4ED2-9FBE-42C0FFCDD998}
	EndGlobalSection
EndGlobal
